
Microsoft Visual Studio Solution File, Format Version 12.00
# Visual Studio Version 16
VisualStudioVersion = 16.0.31729.503
MinimumVisualStudioVersion = 10.0.40219.1
Project("{FAE04EC0-301F-11D3-BF4B-00C04F79EFBC}") = "rockPaperScissors", "rockPaperScissors.csproj", "{AEC69F27-A622-47D5-85E3-17CA1505CF46}"
EndProject
Global
	GlobalSection(SolutionConfigurationPlatforms) = preSolution
		Debug|Any CPU = Debug|Any CPU
		Release|Any CPU = Release|Any CPU
	EndGlobalSection
	GlobalSection(ProjectConfigurationPlatforms) = postSolution
		{AEC69F27-A622-47D5-85E3-17CA1505CF46}.Debug|Any CPU.ActiveCfg = Debug|Any CPU
		{AEC69F27-A622-47D5-85E3-17CA1505CF46}.Debug|Any CPU.Build.0 = Debug|Any CPU
		{AEC69F27-A622-47D5-85E3-17CA1505CF46}.Release|Any CPU.ActiveCfg = Release|Any CPU
		{AEC69F27-A622-47D5-85E3-17CA1505CF46}.Release|Any CPU.Build.0 = Release|Any CPU
	EndGlobalSection
	GlobalSection(SolutionProperties) = preSolution
		HideSolutionNode = FALSE
	EndGlobalSection
	GlobalSection(ExtensibilityGlobals) = postSolution
		SolutionGuid = {3D0272A2-2FDE-46C6-8C77-248750766447}
	EndGlobalSection
EndGlobal
